
Microsoft Visual Studio Solution File, Format Version 12.00
# Blend for Visual Studio Version 16
VisualStudioVersion = 16.0.30104.148
MinimumVisualStudioVersion = 10.0.40219.1
Project("{FAE04EC0-301F-11D3-BF4B-00C04F79EFBC}") = "EditorTagMp3", "EditorTagMp3\EditorTagMp3.csproj", "{F5972B9F-7819-4A3D-8391-87A2485E8F16}"
EndProject
Global
	GlobalSection(SolutionConfigurationPlatforms) = preSolution
		Debug|Any CPU = Debug|Any CPU
		Release|Any CPU = Release|Any CPU
	EndGlobalSection
	GlobalSection(ProjectConfigurationPlatforms) = postSolution
		{F5972B9F-7819-4A3D-8391-87A2485E8F16}.Debug|Any CPU.ActiveCfg = Debug|Any CPU
		{F5972B9F-7819-4A3D-8391-87A2485E8F16}.Debug|Any CPU.Build.0 = Debug|Any CPU
		{F5972B9F-7819-4A3D-8391-87A2485E8F16}.Release|Any CPU.ActiveCfg = Release|Any CPU
		{F5972B9F-7819-4A3D-8391-87A2485E8F16}.Release|Any CPU.Build.0 = Release|Any CPU
	EndGlobalSection
	GlobalSection(SolutionProperties) = preSolution
		HideSolutionNode = FALSE
	EndGlobalSection
	GlobalSection(ExtensibilityGlobals) = postSolution
		SolutionGuid = {EF00E076-C401-4C8D-B8B0-8677F268BCF4}
	EndGlobalSection
EndGlobal
